
Microsoft Visual Studio Solution File, Format Version 12.00
# Visual Studio Version 17
VisualStudioVersion = 17.7.34221.43
MinimumVisualStudioVersion = 10.0.40219.1
Project("{FAE04EC0-301F-11D3-BF4B-00C04F79EFBC}") = "ChallengeApp1", "ChallengeApp1.csproj", "{EF0C9B01-45C0-4205-8092-0C02FC44AAC2}"
EndProject
Global
	GlobalSection(SolutionConfigurationPlatforms) = preSolution
		Debug|Any CPU = Debug|Any CPU
		Release|Any CPU = Release|Any CPU
	EndGlobalSection
	GlobalSection(ProjectConfigurationPlatforms) = postSolution
		{EF0C9B01-45C0-4205-8092-0C02FC44AAC2}.Debug|Any CPU.ActiveCfg = Debug|Any CPU
		{EF0C9B01-45C0-4205-8092-0C02FC44AAC2}.Debug|Any CPU.Build.0 = Debug|Any CPU
		{EF0C9B01-45C0-4205-8092-0C02FC44AAC2}.Release|Any CPU.ActiveCfg = Release|Any CPU
		{EF0C9B01-45C0-4205-8092-0C02FC44AAC2}.Release|Any CPU.Build.0 = Release|Any CPU
	EndGlobalSection
	GlobalSection(SolutionProperties) = preSolution
		HideSolutionNode = FALSE
	EndGlobalSection
	GlobalSection(ExtensibilityGlobals) = postSolution
		SolutionGuid = {696996E9-A6CA-48CF-8730-A40D0FDC079A}
	EndGlobalSection
EndGlobal
